
Microsoft Visual Studio Solution File, Format Version 12.00
# Visual Studio Version 17
VisualStudioVersion = 17.8.34525.116
MinimumVisualStudioVersion = 10.0.40219.1
Project("{FAE04EC0-301F-11D3-BF4B-00C04F79EFBC}") = "C#PlayersGuide", "C#PlayersGuide.csproj", "{15AC0980-4BD3-4588-A103-86E9ACE51DAF}"
EndProject
Global
	GlobalSection(SolutionConfigurationPlatforms) = preSolution
		Debug|Any CPU = Debug|Any CPU
		Release|Any CPU = Release|Any CPU
	EndGlobalSection
	GlobalSection(ProjectConfigurationPlatforms) = postSolution
		{15AC0980-4BD3-4588-A103-86E9ACE51DAF}.Debug|Any CPU.ActiveCfg = Debug|Any CPU
		{15AC0980-4BD3-4588-A103-86E9ACE51DAF}.Debug|Any CPU.Build.0 = Debug|Any CPU
		{15AC0980-4BD3-4588-A103-86E9ACE51DAF}.Release|Any CPU.ActiveCfg = Release|Any CPU
		{15AC0980-4BD3-4588-A103-86E9ACE51DAF}.Release|Any CPU.Build.0 = Release|Any CPU
	EndGlobalSection
	GlobalSection(SolutionProperties) = preSolution
		HideSolutionNode = FALSE
	EndGlobalSection
	GlobalSection(ExtensibilityGlobals) = postSolution
		SolutionGuid = {C19FA3EF-D826-484B-8A46-1EA9F0064E82}
	EndGlobalSection
EndGlobal
